
Microsoft Visual Studio Solution File, Format Version 12.00
# Visual Studio 15
Project("{FAE04EC0-301F-11D3-BF4B-00C04F79EFBC}") = "Assembly-CSharp", "Assembly-CSharp.csproj", "{4D6193DC-273C-262E-AFE0-41B602BA30CF}"
EndProject
Project("{FAE04EC0-301F-11D3-BF4B-00C04F79EFBC}") = "com.whisper.unity", "com.whisper.unity.csproj", "{EE958E9C-2164-71C4-93F0-BA8402E7F626}"
EndProject
Project("{FAE04EC0-301F-11D3-BF4B-00C04F79EFBC}") = "undream.llmunity.Runtime", "undream.llmunity.Runtime.csproj", "{F0DA78BA-96A6-A53D-1AF9-B318FB3C3E71}"
EndProject
Project("{FAE04EC0-301F-11D3-BF4B-00C04F79EFBC}") = "com.whisper.unity.tests", "com.whisper.unity.tests.csproj", "{BCEED821-70FE-13D4-98C9-E8E1F718B65F}"
EndProject
Project("{FAE04EC0-301F-11D3-BF4B-00C04F79EFBC}") = "com.whisper.unity.editor", "com.whisper.unity.editor.csproj", "{7FA0EFDD-1B71-4AA1-35A3-94EE5B91C743}"
EndProject
Project("{FAE04EC0-301F-11D3-BF4B-00C04F79EFBC}") = "Cloud.Unum.USearch", "Cloud.Unum.USearch.csproj", "{811A597E-6C42-4C39-4EAD-894B103580E3}"
EndProject
Project("{FAE04EC0-301F-11D3-BF4B-00C04F79EFBC}") = "undream.llmunity.Runtime.Tests", "undream.llmunity.Runtime.Tests.csproj", "{9C3EB431-AF86-ED61-D85F-9E8E4C52BD65}"
EndProject
Project("{FAE04EC0-301F-11D3-BF4B-00C04F79EFBC}") = "undream.llmunity.Editor", "undream.llmunity.Editor.csproj", "{6029AADA-E50A-1D35-DD4B-C8CBCBAD852A}"
EndProject
Project("{FAE04EC0-301F-11D3-BF4B-00C04F79EFBC}") = "Assembly-CSharp-Editor", "Assembly-CSharp-Editor.csproj", "{95F4CE2B-FB18-2CC5-C77E-CB86BF2784F5}"
EndProject
Global
	GlobalSection(SolutionConfigurationPlatforms) = preSolution
		Debug|Any CPU = Debug|Any CPU
		Release|Any CPU = Release|Any CPU
	EndGlobalSection
	GlobalSection(ProjectConfigurationPlatforms) = postSolution
		{4D6193DC-273C-262E-AFE0-41B602BA30CF}.Debug|Any CPU.ActiveCfg = Debug|Any CPU
		{4D6193DC-273C-262E-AFE0-41B602BA30CF}.Debug|Any CPU.Build.0 = Debug|Any CPU
		{4D6193DC-273C-262E-AFE0-41B602BA30CF}.Release|Any CPU.ActiveCfg = Release|Any CPU
		{4D6193DC-273C-262E-AFE0-41B602BA30CF}.Release|Any CPU.Build.0 = Release|Any CPU
		{EE958E9C-2164-71C4-93F0-BA8402E7F626}.Debug|Any CPU.ActiveCfg = Debug|Any CPU
		{EE958E9C-2164-71C4-93F0-BA8402E7F626}.Debug|Any CPU.Build.0 = Debug|Any CPU
		{EE958E9C-2164-71C4-93F0-BA8402E7F626}.Release|Any CPU.ActiveCfg = Release|Any CPU
		{EE958E9C-2164-71C4-93F0-BA8402E7F626}.Release|Any CPU.Build.0 = Release|Any CPU
		{F0DA78BA-96A6-A53D-1AF9-B318FB3C3E71}.Debug|Any CPU.ActiveCfg = Debug|Any CPU
		{F0DA78BA-96A6-A53D-1AF9-B318FB3C3E71}.Debug|Any CPU.Build.0 = Debug|Any CPU
		{F0DA78BA-96A6-A53D-1AF9-B318FB3C3E71}.Release|Any CPU.ActiveCfg = Release|Any CPU
		{F0DA78BA-96A6-A53D-1AF9-B318FB3C3E71}.Release|Any CPU.Build.0 = Release|Any CPU
		{BCEED821-70FE-13D4-98C9-E8E1F718B65F}.Debug|Any CPU.ActiveCfg = Debug|Any CPU
		{BCEED821-70FE-13D4-98C9-E8E1F718B65F}.Debug|Any CPU.Build.0 = Debug|Any CPU
		{BCEED821-70FE-13D4-98C9-E8E1F718B65F}.Release|Any CPU.ActiveCfg = Release|Any CPU
		{BCEED821-70FE-13D4-98C9-E8E1F718B65F}.Release|Any CPU.Build.0 = Release|Any CPU
		{7FA0EFDD-1B71-4AA1-35A3-94EE5B91C743}.Debug|Any CPU.ActiveCfg = Debug|Any CPU
		{7FA0EFDD-1B71-4AA1-35A3-94EE5B91C743}.Debug|Any CPU.Build.0 = Debug|Any CPU
		{7FA0EFDD-1B71-4AA1-35A3-94EE5B91C743}.Release|Any CPU.ActiveCfg = Release|Any CPU
		{7FA0EFDD-1B71-4AA1-35A3-94EE5B91C743}.Release|Any CPU.Build.0 = Release|Any CPU
		{811A597E-6C42-4C39-4EAD-894B103580E3}.Debug|Any CPU.ActiveCfg = Debug|Any CPU
		{811A597E-6C42-4C39-4EAD-894B103580E3}.Debug|Any CPU.Build.0 = Debug|Any CPU
		{811A597E-6C42-4C39-4EAD-894B103580E3}.Release|Any CPU.ActiveCfg = Release|Any CPU
		{811A597E-6C42-4C39-4EAD-894B103580E3}.Release|Any CPU.Build.0 = Release|Any CPU
		{9C3EB431-AF86-ED61-D85F-9E8E4C52BD65}.Debug|Any CPU.ActiveCfg = Debug|Any CPU
		{9C3EB431-AF86-ED61-D85F-9E8E4C52BD65}.Debug|Any CPU.Build.0 = Debug|Any CPU
		{9C3EB431-AF86-ED61-D85F-9E8E4C52BD65}.Release|Any CPU.ActiveCfg = Release|Any CPU
		{9C3EB431-AF86-ED61-D85F-9E8E4C52BD65}.Release|Any CPU.Build.0 = Release|Any CPU
		{6029AADA-E50A-1D35-DD4B-C8CBCBAD852A}.Debug|Any CPU.ActiveCfg = Debug|Any CPU
		{6029AADA-E50A-1D35-DD4B-C8CBCBAD852A}.Debug|Any CPU.Build.0 = Debug|Any CPU
		{6029AADA-E50A-1D35-DD4B-C8CBCBAD852A}.Release|Any CPU.ActiveCfg = Release|Any CPU
		{6029AADA-E50A-1D35-DD4B-C8CBCBAD852A}.Release|Any CPU.Build.0 = Release|Any CPU
		{95F4CE2B-FB18-2CC5-C77E-CB86BF2784F5}.Debug|Any CPU.ActiveCfg = Debug|Any CPU
		{95F4CE2B-FB18-2CC5-C77E-CB86BF2784F5}.Debug|Any CPU.Build.0 = Debug|Any CPU
		{95F4CE2B-FB18-2CC5-C77E-CB86BF2784F5}.Release|Any CPU.ActiveCfg = Release|Any CPU
		{95F4CE2B-FB18-2CC5-C77E-CB86BF2784F5}.Release|Any CPU.Build.0 = Release|Any CPU
	EndGlobalSection
	GlobalSection(SolutionProperties) = preSolution
		HideSolutionNode = FALSE
	EndGlobalSection
EndGlobal
